
Microsoft Visual Studio Solution File, Format Version 12.00
# Visual Studio 2012
Project("{FAE04EC0-301F-11D3-BF4B-00C04F79EFBC}") = "MathExpressionParser", "MathExpressionParser\MathExpressionParser.csproj", "{50507CEF-1189-445B-BAF1-2DF0B1B98038}"
EndProject
Project("{FAE04EC0-301F-11D3-BF4B-00C04F79EFBC}") = "UnitTests", "UnitTests\UnitTests.csproj", "{F8C71A1C-B719-42BA-8B19-50A3DEC391A1}"
EndProject
Global
	GlobalSection(SolutionConfigurationPlatforms) = preSolution
		Debug|Any CPU = Debug|Any CPU
		Release|Any CPU = Release|Any CPU
	EndGlobalSection
	GlobalSection(ProjectConfigurationPlatforms) = postSolution
		{50507CEF-1189-445B-BAF1-2DF0B1B98038}.Debug|Any CPU.ActiveCfg = Debug|Any CPU
		{50507CEF-1189-445B-BAF1-2DF0B1B98038}.Debug|Any CPU.Build.0 = Debug|Any CPU
		{50507CEF-1189-445B-BAF1-2DF0B1B98038}.Release|Any CPU.ActiveCfg = Release|Any CPU
		{50507CEF-1189-445B-BAF1-2DF0B1B98038}.Release|Any CPU.Build.0 = Release|Any CPU
		{F8C71A1C-B719-42BA-8B19-50A3DEC391A1}.Debug|Any CPU.ActiveCfg = Debug|Any CPU
		{F8C71A1C-B719-42BA-8B19-50A3DEC391A1}.Debug|Any CPU.Build.0 = Debug|Any CPU
		{F8C71A1C-B719-42BA-8B19-50A3DEC391A1}.Release|Any CPU.ActiveCfg = Release|Any CPU
		{F8C71A1C-B719-42BA-8B19-50A3DEC391A1}.Release|Any CPU.Build.0 = Release|Any CPU
	EndGlobalSection
	GlobalSection(SolutionProperties) = preSolution
		HideSolutionNode = FALSE
	EndGlobalSection
EndGlobal
